// !$*UTF8*$!
{
	archiveVersion = 1;
	classes = {
	};
	objectVersion = 46;
	objects = {

/* Begin PBXBuildFile section */
		1A98550C1C43E09F00B50A67 /* main.m in Sources */ = {isa = PBXBuildFile; fileRef = 1A98550B1C43E09F00B50A67 /* main.m */; };
		1A98550F1C43E09F00B50A67 /* AppDelegate.m in Sources */ = {isa = PBXBuildFile; fileRef = 1A98550E1C43E09F00B50A67 /* AppDelegate.m */; };
		1A9855121C43E09F00B50A67 /* ViewController.m in Sources */ = {isa = PBXBuildFile; fileRef = 1A9855111C43E09F00B50A67 /* ViewController.m */; };
		1A9855151C43E09F00B50A67 /* Main.storyboard in Resources */ = {isa = PBXBuildFile; fileRef = 1A9855131C43E09F00B50A67 /* Main.storyboard */; };
		1A9855171C43E09F00B50A67 /* Assets.xcassets in Resources */ = {isa = PBXBuildFile; fileRef = 1A9855161C43E09F00B50A67 /* Assets.xcassets */; };
		1A98551A1C43E09F00B50A67 /* LaunchScreen.storyboard in Resources */ = {isa = PBXBuildFile; fileRef = 1A9855181C43E09F00B50A67 /* LaunchScreen.storyboard */; };
/* End PBXBuildFile section */

/* Begin PBXFileReference section */
		1A9855071C43E09F00B50A67 /* waterMark.app */ = {isa = PBXFileReference; explicitFileType = wrapper.application; includeInIndex = 0; path = waterMark.app; sourceTree = BUILT_PRODUCTS_DIR; };
		1A98550B1C43E09F00B50A67 /* main.m */ = {isa = PBXFileReference; lastKnownFileType = sourcecode.c.objc; path = main.m; sourceTree = "<group>"; };
		1A98550D1C43E09F00B50A67 /* AppDelegate.h */ = {isa = PBXFileReference; lastKnownFileType = sourcecode.c.h; path = AppDelegate.h; sourceTree = "<group>"; };
		1A98550E1C43E09F00B50A67 /* AppDelegate.m */ = {isa = PBXFileReference; lastKnownFileType = sourcecode.c.objc; path = AppDelegate.m; sourceTree = "<group>"; };
		1A9855101C43E09F00B50A67 /* ViewController.h */ = {isa = PBXFileReference; lastKnownFileType = sourcecode.c.h; path = ViewController.h; sourceTree = "<group>"; };
		1A9855111C43E09F00B50A67 /* ViewController.m */ = {isa = PBXFileReference; lastKnownFileType = sourcecode.c.objc; path = ViewController.m; sourceTree = "<group>"; };
		1A9855141C43E09F00B50A67 /* Base */ = {isa = PBXFileReference; lastKnownFileType = file.storyboard; name = Base; path = Base.lproj/Main.storyboard; sourceTree = "<group>"; };
		1A9855161C43E09F00B50A67 /* Assets.xcassets */ = {isa = PBXFileReference; lastKnownFileType = folder.assetcatalog; path = Assets.xcassets; sourceTree = "<group>"; };
		1A9855191C43E09F00B50A67 /* Base */ = {isa = PBXFileReference; lastKnownFileType = file.storyboard; name = Base; path = Base.lproj/LaunchScreen.storyboard; sourceTree = "<group>"; };
		1A98551B1C43E09F00B50A67 /* Info.plist */ = {isa = PBXFileReference; lastKnownFileType = text.plist.xml; path = Info.plist; sourceTree = "<group>"; };
/* End PBXFileReference section */

/* Begin PBXFrameworksBuildPhase section */
		1A9855041C43E09F00B50A67 /* Frameworks */ = {
			isa = PBXFrameworksBuildPhase;
			buildActionMask = 2147483647;
			files = (
			);
			runOnlyForDeploymentPostprocessing = 0;
		};
/* End PBXFrameworksBuildPhase section */

/* Begin PBXGroup section */
		1A9854FE1C43E09F00B50A67 = {
			isa = PBXGroup;
			children = (
				1A9855091C43E09F00B50A67 /* waterMark */,
				1A9855081C43E09F00B50A67 /* Products */,
			);
			sourceTree = "<group>";
		};
		1A9855081C43E09F00B50A67 /* Products */ = {
			isa = PBXGroup;
			children = (
				1A9855071C43E09F00B50A67 /* waterMark.app */,
			);
			name = Products;
			sourceTree = "<group>";
		};
		1A9855091C43E09F00B50A67 /* waterMark */ = {
			isa = PBXGroup;
			children = (
				1A98550D1C43E09F00B50A67 /* AppDelegate.h */,
				1A98550E1C43E09F00B50A67 /* AppDelegate.m */,
				1A9855101C43E09F00B50A67 /* ViewController.h */,
				1A9855111C43E09F00B50A67 /* ViewController.m */,
				1A9855131C43E09F00B50A67 /* Main.storyboard */,
				1A9855161C43E09F00B50A67 /* Assets.xcassets */,
				1A9855181C43E09F00B50A67 /* LaunchScreen.storyboard */,
				1A98551B1C43E09F00B50A67 /* Info.plist */,
				1A98550A1C43E09F00B50A67 /* Supporting Files */,
			);
			path = waterMark;
			sourceTree = "<group>";
		};
		1A98550A1C43E09F00B50A67 /* Supporting Files */ = {
			isa = PBXGroup;
			children = (
				1A98550B1C43E09F00B50A67 /* main.m */,
			);
			name = "Supporting Files";
			sourceTree = "<group>";
		};
/* End PBXGroup section */

/* Begin PBXNativeTarget section */
		1A9855061C43E09F00B50A67 /* waterMark */ = {
			isa = PBXNativeTarget;
			buildConfigurationList = 1A98551E1C43E09F00B50A67 /* Build configuration list for PBXNativeTarget "waterMark" */;
			buildPhases = (
				1A9855031C43E09F00B50A67 /* Sources */,
				1A9855041C43E09F00B50A67 /* Frameworks */,
				1A9855051C43E09F00B50A67 /* Resources */,
			);
			buildRules = (
			);
			dependencies = (
			);
			name = waterMark;
			productName = waterMark;
			productReference = 1A9855071C43E09F00B50A67 /* waterMark.app */;
			productType = "com.apple.product-type.application";
		};
/* End PBXNativeTarget section */

/* Begin PBXProject section */
		1A9854FF1C43E09F00B50A67 /* Project object */ = {
			isa = PBXProject;
			attributes = {
				LastUpgradeCheck = 0720;
				ORGANIZATIONNAME = SocererGroup;
				TargetAttributes = {
					1A9855061C43E09F00B50A67 = {
						CreatedOnToolsVersion = 7.2;
					};
				};
			};
			buildConfigurationList = 1A9855021C43E09F00B50A67 /* Build configuration list for PBXProject "waterMark" */;
			compatibilityVersion = "Xcode 3.2";
			developmentRegion = English;
			hasScannedForEncodings = 0;
			knownRegions = (
				en,
				Base,
			);
			mainGroup = 1A9854FE1C43E09F00B50A67;
			productRefGroup = 1A9855081C43E09F00B50A67 /* Products */;
			projectDirPath = "";
			projectRoot = "";
			targets = (
				1A9855061C43E09F00B50A67 /* waterMark */,
			);
		};
/* End PBXProject section */

/* Begin PBXResourcesBuildPhase section */
		1A9855051C43E09F00B50A67 /* Resources */ = {
			isa = PBXResourcesBuildPhase;
			buildActionMask = 2147483647;
			files = (
				1A98551A1C43E09F00B50A67 /* LaunchScreen.storyboard in Resources */,
				1A9855171C43E09F00B50A67 /* Assets.xcassets in Resources */,
				1A9855151C43E09F00B50A67 /* Main.storyboard in Resources */,
			);
			runOnlyForDeploymentPostprocessing = 0;
		};
/* End PBXResourcesBuildPhase section */

/* Begin PBXSourcesBuildPhase section */
		1A9855031C43E09F00B50A67 /* Sources */ = {
			isa = PBXSourcesBuildPhase;
			buildActionMask = 2147483647;
			files = (
				1A9855121C43E09F00B50A67 /* ViewController.m in Sources */,
				1A98550F1C43E09F00B50A67 /* AppDelegate.m in Sources */,
				1A98550C1C43E09F00B50A67 /* main.m in Sources */,
			);
			runOnlyForDeploymentPostprocessing = 0;
		};
/* End PBXSourcesBuildPhase section */

/* Begin PBXVariantGroup section */
		1A9855131C43E09F00B50A67 /* Main.storyboard */ = {
			isa = PBXVariantGroup;
			children = (
				1A9855141C43E09F00B50A67 /* Base */,
			);
			name = Main.storyboard;
			sourceTree = "<group>";
		};
		1A9855181C43E09F00B50A67 /* LaunchScreen.storyboard */ = {
			isa = PBXVariantGroup;
			children = (
				1A9855191C43E09F00B50A67 /* Base */,
			);
			name = LaunchScreen.storyboard;
			sourceTree = "<group>";
		};
/* End PBXVariantGroup section */

/* Begin XCBuildConfiguration section */
		1A98551C1C43E09F00B50A67 /* Debug */ = {
			isa = XCBuildConfiguration;
			buildSettings = {
				ALWAYS_SEARCH_USER_PATHS = NO;
				CLANG_CXX_LANGUAGE_STANDARD = "gnu++0x";
				CLANG_CXX_LIBRARY = "libc++";
				CLANG_ENABLE_MODULES = YES;
				CLANG_ENABLE_OBJC_ARC = YES;
				CLANG_WARN_BOOL_CONVERSION = YES;
				CLANG_WARN_CONSTANT_CONVERSION = YES;
				CLANG_WARN_DIRECT_OBJC_ISA_USAGE = YES_ERROR;
				CLANG_WARN_EMPTY_BODY = YES;
				CLANG_WARN_ENUM_CONVERSION = YES;
				CLANG_WARN_INT_CONVERSION = YES;
				CLANG_WARN_OBJC_ROOT_CLASS = YES_ERROR;
				CLANG_WARN_UNREACHABLE_CODE = YES;
				CLANG_WARN__DUPLICATE_METHOD_MATCH = YES;
				"CODE_SIGN_IDENTITY[sdk=iphoneos*]" = "iPhone Developer";
				COPY_PHASE_STRIP = NO;
				DEBUG_INFORMATION_FORMAT = dwarf;
				ENABLE_STRICT_OBJC_MSGSEND = YES;
				ENABLE_TESTABILITY = YES;
				GCC_C_LANGUAGE_STANDARD = gnu99;
				GCC_DYNAMIC_NO_PIC = NO;
				GCC_NO_COMMON_BLOCKS = YES;
				GCC_OPTIMIZATION_LEVEL = 0;
				GCC_PREPROCESSOR_DEFINITIONS = (
					"DEBUG=1",
					"$(inherited)",
				);
				GCC_WARN_64_TO_32_BIT_CONVERSION = YES;
				GCC_WARN_ABOUT_RETURN_TYPE = YES_ERROR;
				GCC_WARN_UNDECLARED_SELECTOR = YES;
				GCC_WARN_UNINITIALIZED_AUTOS = YES_AGGRESSIVE;
				GCC_WARN_UNUSED_FUNCTION = YES;
				GCC_WARN_UNUSED_VARIABLE = YES;
				IPHONEOS_DEPLOYMENT_TARGET = 9.2;
				MTL_ENABLE_DEBUG_INFO = YES;
				ONLY_ACTIVE_ARCH = YES;
				SDKROOT = iphoneos;
			};
			name = Debug;
		};
		1A98551D1C43E09F00B50A67 /* Release */ = {
			isa = XCBuildConfiguration;
			buildSettings = {
				ALWAYS_SEARCH_USER_PATHS = NO;
				CLANG_CXX_LANGUAGE_STANDARD = "gnu++0x";
				CLANG_CXX_LIBRARY = "libc++";
				CLANG_ENABLE_MODULES = YES;
				CLANG_ENABLE_OBJC_ARC = YES;
				CLANG_WARN_BOOL_CONVERSION = YES;
				CLANG_WARN_CONSTANT_CONVERSION = YES;
				CLANG_WARN_DIRECT_OBJC_ISA_USAGE = YES_ERROR;
				CLANG_WARN_EMPTY_BODY = YES;
				CLANG_WARN_ENUM_CONVERSION = YES;
				CLANG_WARN_INT_CONVERSION = YES;
				CLANG_WARN_OBJC_ROOT_CLASS = YES_ERROR;
				CLANG_WARN_UNREACHABLE_CODE = YES;
				CLANG_WARN__DUPLICATE_METHOD_MATCH = YES;
				"CODE_SIGN_IDENTITY[sdk=iphoneos*]" = "iPhone Developer";
				COPY_PHASE_STRIP = NO;
				DEBUG_INFORMATION_FORMAT = "dwarf-with-dsym";
				ENABLE_NS_ASSERTIONS = NO;
				ENABLE_STRICT_OBJC_MSGSEND = YES;
				GCC_C_LANGUAGE_STANDARD = gnu99;
				GCC_NO_COMMON_BLOCKS = YES;
				GCC_WARN_64_TO_32_BIT_CONVERSION = YES;
				GCC_WARN_ABOUT_RETURN_TYPE = YES_ERROR;
				GCC_WARN_UNDECLARED_SELECTOR = YES;
				GCC_WARN_UNINITIALIZED_AUTOS = YES_AGGRESSIVE;
				GCC_WARN_UNUSED_FUNCTION = YES;
				GCC_WARN_UNUSED_VARIABLE = YES;
				IPHONEOS_DEPLOYMENT_TARGET = 9.2;
				MTL_ENABLE_DEBUG_INFO = NO;
				SDKROOT = iphoneos;
				VALIDATE_PRODUCT = YES;
			};
			name = Release;
		};
		1A98551F1C43E09F00B50A67 /* Debug */ = {
			isa = XCBuildConfiguration;
			buildSettings = {
				ASSETCATALOG_COMPILER_APPICON_NAME = AppIcon;
				INFOPLIST_FILE = waterMark/Info.plist;
				LD_RUNPATH_SEARCH_PATHS = "$(inherited) @executable_path/Frameworks";
				PRODUCT_BUNDLE_IDENTIFIER = com.SocererGroup.waterMark;
				PRODUCT_NAME = "$(TARGET_NAME)";
			};
			name = Debug;
		};
		1A9855201C43E09F00B50A67 /* Release */ = {
			isa = XCBuildConfiguration;
			buildSettings = {
				ASSETCATALOG_COMPILER_APPICON_NAME = AppIcon;
				INFOPLIST_FILE = waterMark/Info.plist;
				LD_RUNPATH_SEARCH_PATHS = "$(inherited) @executable_path/Frameworks";
				PRODUCT_BUNDLE_IDENTIFIER = com.SocererGroup.waterMark;
				PRODUCT_NAME = "$(TARGET_NAME)";
			};
			name = Release;
		};
/* End XCBuildConfiguration section */

/* Begin XCConfigurationList section */
		1A9855021C43E09F00B50A67 /* Build configuration list for PBXProject "waterMark" */ = {
			isa = XCConfigurationList;
			buildConfigurations = (
				1A98551C1C43E09F00B50A67 /* Debug */,
				1A98551D1C43E09F00B50A67 /* Release */,
			);
			defaultConfigurationIsVisible = 0;
			defaultConfigurationName = Release;
		};
		1A98551E1C43E09F00B50A67 /* Build configuration list for PBXNativeTarget "waterMark" */ = {
			isa = XCConfigurationList;
			buildConfigurations = (
				1A98551F1C43E09F00B50A67 /* Debug */,
				1A9855201C43E09F00B50A67 /* Release */,
			);
			defaultConfigurationIsVisible = 0;
		};
/* End XCConfigurationList section */
	};
	rootObject = 1A9854FF1C43E09F00B50A67 /* Project object */;
}
